
Microsoft Visual Studio Solution File, Format Version 12.00
# Visual Studio Version 17
VisualStudioVersion = 17.1.32414.318
MinimumVisualStudioVersion = 10.0.40219.1
Project("{FAE04EC0-301F-11D3-BF4B-00C04F79EFBC}") = "Dormitory", "Dormitory\Dormitory.csproj", "{DC58A5F3-48B1-45B5-A3B9-0DCFD7882A52}"
EndProject
Global
	GlobalSection(SolutionConfigurationPlatforms) = preSolution
		Debug|Any CPU = Debug|Any CPU
		Release|Any CPU = Release|Any CPU
	EndGlobalSection
	GlobalSection(ProjectConfigurationPlatforms) = postSolution
		{DC58A5F3-48B1-45B5-A3B9-0DCFD7882A52}.Debug|Any CPU.ActiveCfg = Debug|Any CPU
		{DC58A5F3-48B1-45B5-A3B9-0DCFD7882A52}.Debug|Any CPU.Build.0 = Debug|Any CPU
		{DC58A5F3-48B1-45B5-A3B9-0DCFD7882A52}.Release|Any CPU.ActiveCfg = Release|Any CPU
		{DC58A5F3-48B1-45B5-A3B9-0DCFD7882A52}.Release|Any CPU.Build.0 = Release|Any CPU
	EndGlobalSection
	GlobalSection(SolutionProperties) = preSolution
		HideSolutionNode = FALSE
	EndGlobalSection
	GlobalSection(ExtensibilityGlobals) = postSolution
		SolutionGuid = {EFABDBD1-1AFD-4D38-824C-4DC91BB40B91}
	EndGlobalSection
EndGlobal
